
Microsoft Visual Studio Solution File, Format Version 12.00
# Visual Studio Version 16
VisualStudioVersion = 16.0.30517.126
MinimumVisualStudioVersion = 10.0.40219.1
Project("{8BC9CEB8-8B4A-11D0-8D11-00A0C91BC942}") = "HelloWorld", "HelloWorld.vcxproj", "{6F4B82AC-B799-4A95-A0DA-DCBFE411EFB2}"
EndProject
Project("{8BC9CEB8-8B4A-11D0-8D11-00A0C91BC942}") = "DataTypes", "..\DataTypes\DataTypes.vcxproj", "{6FCD0156-9F82-4B69-9A6F-F06AC42C0535}"
EndProject
Project("{8BC9CEB8-8B4A-11D0-8D11-00A0C91BC942}") = "UserDataTypes", "..\UserDataTypes\UserDataTypes.vcxproj", "{7752145E-12A0-4EE5-86FC-C1C16771D420}"
EndProject
Project("{8BC9CEB8-8B4A-11D0-8D11-00A0C91BC942}") = "Memory", "..\Memory\Memory.vcxproj", "{33EC8F3F-A792-4161-9A86-83A8AFC005FB}"
EndProject
Project("{8BC9CEB8-8B4A-11D0-8D11-00A0C91BC942}") = "MemoryReview", "..\MemoryReview\MemoryReview.vcxproj", "{92A05055-4699-43BE-9285-66EA4F57B7B6}"
EndProject
Project("{8BC9CEB8-8B4A-11D0-8D11-00A0C91BC942}") = "OOP", "..\OOP\OOP.vcxproj", "{A86EBAC9-FBD7-43F7-B239-5F5121C16783}"
EndProject
Project("{8BC9CEB8-8B4A-11D0-8D11-00A0C91BC942}") = "Database", "..\Database\Database.vcxproj", "{E8EF299E-6990-48FE-B331-8DAA3932C0FD}"
EndProject
Project("{8BC9CEB8-8B4A-11D0-8D11-00A0C91BC942}") = "Stream", "..\Stream\Stream.vcxproj", "{E0774DA2-01B3-4B19-A1CE-5D629CCC93C8}"
EndProject
Project("{8BC9CEB8-8B4A-11D0-8D11-00A0C91BC942}") = "Operators", "..\Operators\Operators.vcxproj", "{C6D19827-1BF9-4A9B-B048-33873C0D2A35}"
EndProject
Project("{8BC9CEB8-8B4A-11D0-8D11-00A0C91BC942}") = "Parameters", "..\Parameters\Parameters.vcxproj", "{B3574968-E06D-43AE-9CCB-6FB457679053}"
EndProject
Project("{8BC9CEB8-8B4A-11D0-8D11-00A0C91BC942}") = "Array", "..\Array\Array.vcxproj", "{214316BB-E98B-48F9-9E15-BCFF28F18718}"
EndProject
Global
	GlobalSection(SolutionConfigurationPlatforms) = preSolution
		Debug|x64 = Debug|x64
		Debug|x86 = Debug|x86
		Release|x64 = Release|x64
		Release|x86 = Release|x86
	EndGlobalSection
	GlobalSection(ProjectConfigurationPlatforms) = postSolution
		{6F4B82AC-B799-4A95-A0DA-DCBFE411EFB2}.Debug|x64.ActiveCfg = Debug|x64
		{6F4B82AC-B799-4A95-A0DA-DCBFE411EFB2}.Debug|x64.Build.0 = Debug|x64
		{6F4B82AC-B799-4A95-A0DA-DCBFE411EFB2}.Debug|x86.ActiveCfg = Debug|Win32
		{6F4B82AC-B799-4A95-A0DA-DCBFE411EFB2}.Debug|x86.Build.0 = Debug|Win32
		{6F4B82AC-B799-4A95-A0DA-DCBFE411EFB2}.Release|x64.ActiveCfg = Release|x64
		{6F4B82AC-B799-4A95-A0DA-DCBFE411EFB2}.Release|x64.Build.0 = Release|x64
		{6F4B82AC-B799-4A95-A0DA-DCBFE411EFB2}.Release|x86.ActiveCfg = Release|Win32
		{6F4B82AC-B799-4A95-A0DA-DCBFE411EFB2}.Release|x86.Build.0 = Release|Win32
		{6FCD0156-9F82-4B69-9A6F-F06AC42C0535}.Debug|x64.ActiveCfg = Debug|x64
		{6FCD0156-9F82-4B69-9A6F-F06AC42C0535}.Debug|x64.Build.0 = Debug|x64
		{6FCD0156-9F82-4B69-9A6F-F06AC42C0535}.Debug|x86.ActiveCfg = Debug|Win32
		{6FCD0156-9F82-4B69-9A6F-F06AC42C0535}.Debug|x86.Build.0 = Debug|Win32
		{6FCD0156-9F82-4B69-9A6F-F06AC42C0535}.Release|x64.ActiveCfg = Release|x64
		{6FCD0156-9F82-4B69-9A6F-F06AC42C0535}.Release|x64.Build.0 = Release|x64
		{6FCD0156-9F82-4B69-9A6F-F06AC42C0535}.Release|x86.ActiveCfg = Release|Win32
		{6FCD0156-9F82-4B69-9A6F-F06AC42C0535}.Release|x86.Build.0 = Release|Win32
		{7752145E-12A0-4EE5-86FC-C1C16771D420}.Debug|x64.ActiveCfg = Debug|x64
		{7752145E-12A0-4EE5-86FC-C1C16771D420}.Debug|x64.Build.0 = Debug|x64
		{7752145E-12A0-4EE5-86FC-C1C16771D420}.Debug|x86.ActiveCfg = Debug|Win32
		{7752145E-12A0-4EE5-86FC-C1C16771D420}.Debug|x86.Build.0 = Debug|Win32
		{7752145E-12A0-4EE5-86FC-C1C16771D420}.Release|x64.ActiveCfg = Release|x64
		{7752145E-12A0-4EE5-86FC-C1C16771D420}.Release|x64.Build.0 = Release|x64
		{7752145E-12A0-4EE5-86FC-C1C16771D420}.Release|x86.ActiveCfg = Release|Win32
		{7752145E-12A0-4EE5-86FC-C1C16771D420}.Release|x86.Build.0 = Release|Win32
		{33EC8F3F-A792-4161-9A86-83A8AFC005FB}.Debug|x64.ActiveCfg = Debug|x64
		{33EC8F3F-A792-4161-9A86-83A8AFC005FB}.Debug|x64.Build.0 = Debug|x64
		{33EC8F3F-A792-4161-9A86-83A8AFC005FB}.Debug|x86.ActiveCfg = Debug|Win32
		{33EC8F3F-A792-4161-9A86-83A8AFC005FB}.Debug|x86.Build.0 = Debug|Win32
		{33EC8F3F-A792-4161-9A86-83A8AFC005FB}.Release|x64.ActiveCfg = Release|x64
		{33EC8F3F-A792-4161-9A86-83A8AFC005FB}.Release|x64.Build.0 = Release|x64
		{33EC8F3F-A792-4161-9A86-83A8AFC005FB}.Release|x86.ActiveCfg = Release|Win32
		{33EC8F3F-A792-4161-9A86-83A8AFC005FB}.Release|x86.Build.0 = Release|Win32
		{92A05055-4699-43BE-9285-66EA4F57B7B6}.Debug|x64.ActiveCfg = Debug|x64
		{92A05055-4699-43BE-9285-66EA4F57B7B6}.Debug|x64.Build.0 = Debug|x64
		{92A05055-4699-43BE-9285-66EA4F57B7B6}.Debug|x86.ActiveCfg = Debug|Win32
		{92A05055-4699-43BE-9285-66EA4F57B7B6}.Debug|x86.Build.0 = Debug|Win32
		{92A05055-4699-43BE-9285-66EA4F57B7B6}.Release|x64.ActiveCfg = Release|x64
		{92A05055-4699-43BE-9285-66EA4F57B7B6}.Release|x64.Build.0 = Release|x64
		{92A05055-4699-43BE-9285-66EA4F57B7B6}.Release|x86.ActiveCfg = Release|Win32
		{92A05055-4699-43BE-9285-66EA4F57B7B6}.Release|x86.Build.0 = Release|Win32
		{A86EBAC9-FBD7-43F7-B239-5F5121C16783}.Debug|x64.ActiveCfg = Debug|x64
		{A86EBAC9-FBD7-43F7-B239-5F5121C16783}.Debug|x64.Build.0 = Debug|x64
		{A86EBAC9-FBD7-43F7-B239-5F5121C16783}.Debug|x86.ActiveCfg = Debug|Win32
		{A86EBAC9-FBD7-43F7-B239-5F5121C16783}.Debug|x86.Build.0 = Debug|Win32
		{A86EBAC9-FBD7-43F7-B239-5F5121C16783}.Release|x64.ActiveCfg = Release|x64
		{A86EBAC9-FBD7-43F7-B239-5F5121C16783}.Release|x64.Build.0 = Release|x64
		{A86EBAC9-FBD7-43F7-B239-5F5121C16783}.Release|x86.ActiveCfg = Release|Win32
		{A86EBAC9-FBD7-43F7-B239-5F5121C16783}.Release|x86.Build.0 = Release|Win32
		{E8EF299E-6990-48FE-B331-8DAA3932C0FD}.Debug|x64.ActiveCfg = Debug|x64
		{E8EF299E-6990-48FE-B331-8DAA3932C0FD}.Debug|x64.Build.0 = Debug|x64
		{E8EF299E-6990-48FE-B331-8DAA3932C0FD}.Debug|x86.ActiveCfg = Debug|Win32
		{E8EF299E-6990-48FE-B331-8DAA3932C0FD}.Debug|x86.Build.0 = Debug|Win32
		{E8EF299E-6990-48FE-B331-8DAA3932C0FD}.Release|x64.ActiveCfg = Release|x64
		{E8EF299E-6990-48FE-B331-8DAA3932C0FD}.Release|x64.Build.0 = Release|x64
		{E8EF299E-6990-48FE-B331-8DAA3932C0FD}.Release|x86.ActiveCfg = Release|Win32
		{E8EF299E-6990-48FE-B331-8DAA3932C0FD}.Release|x86.Build.0 = Release|Win32
		{E0774DA2-01B3-4B19-A1CE-5D629CCC93C8}.Debug|x64.ActiveCfg = Debug|x64
		{E0774DA2-01B3-4B19-A1CE-5D629CCC93C8}.Debug|x64.Build.0 = Debug|x64
		{E0774DA2-01B3-4B19-A1CE-5D629CCC93C8}.Debug|x86.ActiveCfg = Debug|Win32
		{E0774DA2-01B3-4B19-A1CE-5D629CCC93C8}.Debug|x86.Build.0 = Debug|Win32
		{E0774DA2-01B3-4B19-A1CE-5D629CCC93C8}.Release|x64.ActiveCfg = Release|x64
		{E0774DA2-01B3-4B19-A1CE-5D629CCC93C8}.Release|x64.Build.0 = Release|x64
		{E0774DA2-01B3-4B19-A1CE-5D629CCC93C8}.Release|x86.ActiveCfg = Release|Win32
		{E0774DA2-01B3-4B19-A1CE-5D629CCC93C8}.Release|x86.Build.0 = Release|Win32
		{C6D19827-1BF9-4A9B-B048-33873C0D2A35}.Debug|x64.ActiveCfg = Debug|x64
		{C6D19827-1BF9-4A9B-B048-33873C0D2A35}.Debug|x64.Build.0 = Debug|x64
		{C6D19827-1BF9-4A9B-B048-33873C0D2A35}.Debug|x86.ActiveCfg = Debug|Win32
		{C6D19827-1BF9-4A9B-B048-33873C0D2A35}.Debug|x86.Build.0 = Debug|Win32
		{C6D19827-1BF9-4A9B-B048-33873C0D2A35}.Release|x64.ActiveCfg = Release|x64
		{C6D19827-1BF9-4A9B-B048-33873C0D2A35}.Release|x64.Build.0 = Release|x64
		{C6D19827-1BF9-4A9B-B048-33873C0D2A35}.Release|x86.ActiveCfg = Release|Win32
		{C6D19827-1BF9-4A9B-B048-33873C0D2A35}.Release|x86.Build.0 = Release|Win32
		{B3574968-E06D-43AE-9CCB-6FB457679053}.Debug|x64.ActiveCfg = Debug|x64
		{B3574968-E06D-43AE-9CCB-6FB457679053}.Debug|x64.Build.0 = Debug|x64
		{B3574968-E06D-43AE-9CCB-6FB457679053}.Debug|x86.ActiveCfg = Debug|Win32
		{B3574968-E06D-43AE-9CCB-6FB457679053}.Debug|x86.Build.0 = Debug|Win32
		{B3574968-E06D-43AE-9CCB-6FB457679053}.Release|x64.ActiveCfg = Release|x64
		{B3574968-E06D-43AE-9CCB-6FB457679053}.Release|x64.Build.0 = Release|x64
		{B3574968-E06D-43AE-9CCB-6FB457679053}.Release|x86.ActiveCfg = Release|Win32
		{B3574968-E06D-43AE-9CCB-6FB457679053}.Release|x86.Build.0 = Release|Win32
		{214316BB-E98B-48F9-9E15-BCFF28F18718}.Debug|x64.ActiveCfg = Debug|x64
		{214316BB-E98B-48F9-9E15-BCFF28F18718}.Debug|x64.Build.0 = Debug|x64
		{214316BB-E98B-48F9-9E15-BCFF28F18718}.Debug|x86.ActiveCfg = Debug|Win32
		{214316BB-E98B-48F9-9E15-BCFF28F18718}.Debug|x86.Build.0 = Debug|Win32
		{214316BB-E98B-48F9-9E15-BCFF28F18718}.Release|x64.ActiveCfg = Release|x64
		{214316BB-E98B-48F9-9E15-BCFF28F18718}.Release|x64.Build.0 = Release|x64
		{214316BB-E98B-48F9-9E15-BCFF28F18718}.Release|x86.ActiveCfg = Release|Win32
		{214316BB-E98B-48F9-9E15-BCFF28F18718}.Release|x86.Build.0 = Release|Win32
	EndGlobalSection
	GlobalSection(SolutionProperties) = preSolution
		HideSolutionNode = FALSE
	EndGlobalSection
	GlobalSection(ExtensibilityGlobals) = postSolution
		SolutionGuid = {B6837B9C-CAE5-4E5D-92C0-F4DF7E35A9BC}
	EndGlobalSection
EndGlobal
